
Microsoft Visual Studio Solution File, Format Version 12.00
# Visual Studio 15
VisualStudioVersion = 15.0.27130.2020
MinimumVisualStudioVersion = 10.0.40219.1
Project("{FAE04EC0-301F-11D3-BF4B-00C04F79EFBC}") = "Chatter", "Chatter\Chatter.csproj", "{1CEC2951-9BC4-4926-B563-A6E7F94C5C64}"
EndProject
Global
	GlobalSection(SolutionConfigurationPlatforms) = preSolution
		Debug|Any CPU = Debug|Any CPU
		Release|Any CPU = Release|Any CPU
	EndGlobalSection
	GlobalSection(ProjectConfigurationPlatforms) = postSolution
		{1CEC2951-9BC4-4926-B563-A6E7F94C5C64}.Debug|Any CPU.ActiveCfg = Debug|Any CPU
		{1CEC2951-9BC4-4926-B563-A6E7F94C5C64}.Debug|Any CPU.Build.0 = Debug|Any CPU
		{1CEC2951-9BC4-4926-B563-A6E7F94C5C64}.Release|Any CPU.ActiveCfg = Release|Any CPU
		{1CEC2951-9BC4-4926-B563-A6E7F94C5C64}.Release|Any CPU.Build.0 = Release|Any CPU
	EndGlobalSection
	GlobalSection(SolutionProperties) = preSolution
		HideSolutionNode = FALSE
	EndGlobalSection
	GlobalSection(ExtensibilityGlobals) = postSolution
		SolutionGuid = {F545E9DA-9700-4B2F-9974-899C47C0CE93}
	EndGlobalSection
EndGlobal
